// !$*UTF8*$!
{
	archiveVersion = 1;
	classes = {
	};
	objectVersion = 56;
	objects = {

/* Begin PBXBuildFile section */
		BA648DBC2C34C10E003458CE /* HomeView.swift in Sources */ = {isa = PBXBuildFile; fileRef = BA648DBB2C34C10E003458CE /* HomeView.swift */; };
		BA648DBF2C34C5AE003458CE /* NewsAppResponseModel.swift in Sources */ = {isa = PBXBuildFile; fileRef = BA648DBE2C34C5AE003458CE /* NewsAppResponseModel.swift */; };
		BA648DC22C34C738003458CE /* APIEndpoint.swift in Sources */ = {isa = PBXBuildFile; fileRef = BA648DC12C34C738003458CE /* APIEndpoint.swift */; };
		BA648DC52C34C990003458CE /* APIError.swift in Sources */ = {isa = PBXBuildFile; fileRef = BA648DC42C34C990003458CE /* APIError.swift */; };
		BAE88E622C238A13007387B2 /* SwiftUI_NewsAPPApp.swift in Sources */ = {isa = PBXBuildFile; fileRef = BAE88E612C238A13007387B2 /* SwiftUI_NewsAPPApp.swift */; };
		BAE88E662C238A14007387B2 /* Assets.xcassets in Resources */ = {isa = PBXBuildFile; fileRef = BAE88E652C238A14007387B2 /* Assets.xcassets */; };
		BAE88E692C238A14007387B2 /* Preview Assets.xcassets in Resources */ = {isa = PBXBuildFile; fileRef = BAE88E682C238A14007387B2 /* Preview Assets.xcassets */; };
/* End PBXBuildFile section */

/* Begin PBXFileReference section */
		BA648DBB2C34C10E003458CE /* HomeView.swift */ = {isa = PBXFileReference; lastKnownFileType = sourcecode.swift; path = HomeView.swift; sourceTree = "<group>"; };
		BA648DBE2C34C5AE003458CE /* NewsAppResponseModel.swift */ = {isa = PBXFileReference; lastKnownFileType = sourcecode.swift; path = NewsAppResponseModel.swift; sourceTree = "<group>"; };
		BA648DC12C34C738003458CE /* APIEndpoint.swift */ = {isa = PBXFileReference; lastKnownFileType = sourcecode.swift; path = APIEndpoint.swift; sourceTree = "<group>"; };
		BA648DC42C34C990003458CE /* APIError.swift */ = {isa = PBXFileReference; lastKnownFileType = sourcecode.swift; path = APIError.swift; sourceTree = "<group>"; };
		BAE88E5E2C238A13007387B2 /* SwiftUI_NewsAPP.app */ = {isa = PBXFileReference; explicitFileType = wrapper.application; includeInIndex = 0; path = SwiftUI_NewsAPP.app; sourceTree = BUILT_PRODUCTS_DIR; };
		BAE88E612C238A13007387B2 /* SwiftUI_NewsAPPApp.swift */ = {isa = PBXFileReference; lastKnownFileType = sourcecode.swift; path = SwiftUI_NewsAPPApp.swift; sourceTree = "<group>"; };
		BAE88E652C238A14007387B2 /* Assets.xcassets */ = {isa = PBXFileReference; lastKnownFileType = folder.assetcatalog; path = Assets.xcassets; sourceTree = "<group>"; };
		BAE88E682C238A14007387B2 /* Preview Assets.xcassets */ = {isa = PBXFileReference; lastKnownFileType = folder.assetcatalog; path = "Preview Assets.xcassets"; sourceTree = "<group>"; };
/* End PBXFileReference section */

/* Begin PBXFrameworksBuildPhase section */
		BAE88E5B2C238A13007387B2 /* Frameworks */ = {
			isa = PBXFrameworksBuildPhase;
			buildActionMask = 2147483647;
			files = (
			);
			runOnlyForDeploymentPostprocessing = 0;
		};
/* End PBXFrameworksBuildPhase section */

/* Begin PBXGroup section */
		BA648DBA2C34C0FB003458CE /* Views */ = {
			isa = PBXGroup;
			children = (
				BA648DBB2C34C10E003458CE /* HomeView.swift */,
			);
			path = Views;
			sourceTree = "<group>";
		};
		BA648DBD2C34C597003458CE /* Model */ = {
			isa = PBXGroup;
			children = (
				BA648DBE2C34C5AE003458CE /* NewsAppResponseModel.swift */,
			);
			path = Model;
			sourceTree = "<group>";
		};
		BA648DC02C34C722003458CE /* Endpoint */ = {
			isa = PBXGroup;
			children = (
				BA648DC12C34C738003458CE /* APIEndpoint.swift */,
			);
			path = Endpoint;
			sourceTree = "<group>";
		};
		BA648DC32C34C97F003458CE /* Error */ = {
			isa = PBXGroup;
			children = (
				BA648DC42C34C990003458CE /* APIError.swift */,
			);
			path = Error;
			sourceTree = "<group>";
		};
		BAE88E552C238A13007387B2 = {
			isa = PBXGroup;
			children = (
				BAE88E602C238A13007387B2 /* SwiftUI_NewsAPP */,
				BAE88E5F2C238A13007387B2 /* Products */,
			);
			sourceTree = "<group>";
		};
		BAE88E5F2C238A13007387B2 /* Products */ = {
			isa = PBXGroup;
			children = (
				BAE88E5E2C238A13007387B2 /* SwiftUI_NewsAPP.app */,
			);
			name = Products;
			sourceTree = "<group>";
		};
		BAE88E602C238A13007387B2 /* SwiftUI_NewsAPP */ = {
			isa = PBXGroup;
			children = (
				BA648DC32C34C97F003458CE /* Error */,
				BA648DC02C34C722003458CE /* Endpoint */,
				BA648DBD2C34C597003458CE /* Model */,
				BA648DBA2C34C0FB003458CE /* Views */,
				BAE88E612C238A13007387B2 /* SwiftUI_NewsAPPApp.swift */,
				BAE88E652C238A14007387B2 /* Assets.xcassets */,
				BAE88E672C238A14007387B2 /* Preview Content */,
			);
			path = SwiftUI_NewsAPP;
			sourceTree = "<group>";
		};
		BAE88E672C238A14007387B2 /* Preview Content */ = {
			isa = PBXGroup;
			children = (
				BAE88E682C238A14007387B2 /* Preview Assets.xcassets */,
			);
			path = "Preview Content";
			sourceTree = "<group>";
		};
/* End PBXGroup section */

/* Begin PBXNativeTarget section */
		BAE88E5D2C238A13007387B2 /* SwiftUI_NewsAPP */ = {
			isa = PBXNativeTarget;
			buildConfigurationList = BAE88E6C2C238A14007387B2 /* Build configuration list for PBXNativeTarget "SwiftUI_NewsAPP" */;
			buildPhases = (
				BAE88E5A2C238A13007387B2 /* Sources */,
				BAE88E5B2C238A13007387B2 /* Frameworks */,
				BAE88E5C2C238A13007387B2 /* Resources */,
			);
			buildRules = (
			);
			dependencies = (
			);
			name = SwiftUI_NewsAPP;
			productName = SwiftUI_NewsAPP;
			productReference = BAE88E5E2C238A13007387B2 /* SwiftUI_NewsAPP.app */;
			productType = "com.apple.product-type.application";
		};
/* End PBXNativeTarget section */

/* Begin PBXProject section */
		BAE88E562C238A13007387B2 /* Project object */ = {
			isa = PBXProject;
			attributes = {
				BuildIndependentTargetsInParallel = 1;
				LastSwiftUpdateCheck = 1540;
				LastUpgradeCheck = 1540;
				TargetAttributes = {
					BAE88E5D2C238A13007387B2 = {
						CreatedOnToolsVersion = 15.4;
					};
				};
			};
			buildConfigurationList = BAE88E592C238A13007387B2 /* Build configuration list for PBXProject "SwiftUI_NewsAPP" */;
			compatibilityVersion = "Xcode 14.0";
			developmentRegion = en;
			hasScannedForEncodings = 0;
			knownRegions = (
				en,
				Base,
			);
			mainGroup = BAE88E552C238A13007387B2;
			productRefGroup = BAE88E5F2C238A13007387B2 /* Products */;
			projectDirPath = "";
			projectRoot = "";
			targets = (
				BAE88E5D2C238A13007387B2 /* SwiftUI_NewsAPP */,
			);
		};
/* End PBXProject section */

/* Begin PBXResourcesBuildPhase section */
		BAE88E5C2C238A13007387B2 /* Resources */ = {
			isa = PBXResourcesBuildPhase;
			buildActionMask = 2147483647;
			files = (
				BAE88E692C238A14007387B2 /* Preview Assets.xcassets in Resources */,
				BAE88E662C238A14007387B2 /* Assets.xcassets in Resources */,
			);
			runOnlyForDeploymentPostprocessing = 0;
		};
/* End PBXResourcesBuildPhase section */

/* Begin PBXSourcesBuildPhase section */
		BAE88E5A2C238A13007387B2 /* Sources */ = {
			isa = PBXSourcesBuildPhase;
			buildActionMask = 2147483647;
			files = (
				BA648DBC2C34C10E003458CE /* HomeView.swift in Sources */,
				BA648DBF2C34C5AE003458CE /* NewsAppResponseModel.swift in Sources */,
				BAE88E622C238A13007387B2 /* SwiftUI_NewsAPPApp.swift in Sources */,
				BA648DC52C34C990003458CE /* APIError.swift in Sources */,
				BA648DC22C34C738003458CE /* APIEndpoint.swift in Sources */,
			);
			runOnlyForDeploymentPostprocessing = 0;
		};
/* End PBXSourcesBuildPhase section */

/* Begin XCBuildConfiguration section */
		BAE88E6A2C238A14007387B2 /* Debug */ = {
			isa = XCBuildConfiguration;
			buildSettings = {
				ALWAYS_SEARCH_USER_PATHS = NO;
				ASSETCATALOG_COMPILER_GENERATE_SWIFT_ASSET_SYMBOL_EXTENSIONS = YES;
				CLANG_ANALYZER_NONNULL = YES;
				CLANG_ANALYZER_NUMBER_OBJECT_CONVERSION = YES_AGGRESSIVE;
				CLANG_CXX_LANGUAGE_STANDARD = "gnu++20";
				CLANG_ENABLE_MODULES = YES;
				CLANG_ENABLE_OBJC_ARC = YES;
				CLANG_ENABLE_OBJC_WEAK = YES;
				CLANG_WARN_BLOCK_CAPTURE_AUTORELEASING = YES;
				CLANG_WARN_BOOL_CONVERSION = YES;
				CLANG_WARN_COMMA = YES;
				CLANG_WARN_CONSTANT_CONVERSION = YES;
				CLANG_WARN_DEPRECATED_OBJC_IMPLEMENTATIONS = YES;
				CLANG_WARN_DIRECT_OBJC_ISA_USAGE = YES_ERROR;
				CLANG_WARN_DOCUMENTATION_COMMENTS = YES;
				CLANG_WARN_EMPTY_BODY = YES;
				CLANG_WARN_ENUM_CONVERSION = YES;
				CLANG_WARN_INFINITE_RECURSION = YES;
				CLANG_WARN_INT_CONVERSION = YES;
				CLANG_WARN_NON_LITERAL_NULL_CONVERSION = YES;
				CLANG_WARN_OBJC_IMPLICIT_RETAIN_SELF = YES;
				CLANG_WARN_OBJC_LITERAL_CONVERSION = YES;
				CLANG_WARN_OBJC_ROOT_CLASS = YES_ERROR;
				CLANG_WARN_QUOTED_INCLUDE_IN_FRAMEWORK_HEADER = YES;
				CLANG_WARN_RANGE_LOOP_ANALYSIS = YES;
				CLANG_WARN_STRICT_PROTOTYPES = YES;
				CLANG_WARN_SUSPICIOUS_MOVE = YES;
				CLANG_WARN_UNGUARDED_AVAILABILITY = YES_AGGRESSIVE;
				CLANG_WARN_UNREACHABLE_CODE = YES;
				CLANG_WARN__DUPLICATE_METHOD_MATCH = YES;
				COPY_PHASE_STRIP = NO;
				DEBUG_INFORMATION_FORMAT = dwarf;
				ENABLE_STRICT_OBJC_MSGSEND = YES;
				ENABLE_TESTABILITY = YES;
				ENABLE_USER_SCRIPT_SANDBOXING = YES;
				GCC_C_LANGUAGE_STANDARD = gnu17;
				GCC_DYNAMIC_NO_PIC = NO;
				GCC_NO_COMMON_BLOCKS = YES;
				GCC_OPTIMIZATION_LEVEL = 0;
				GCC_PREPROCESSOR_DEFINITIONS = (
					"DEBUG=1",
					"$(inherited)",
				);
				GCC_WARN_64_TO_32_BIT_CONVERSION = YES;
				GCC_WARN_ABOUT_RETURN_TYPE = YES_ERROR;
				GCC_WARN_UNDECLARED_SELECTOR = YES;
				GCC_WARN_UNINITIALIZED_AUTOS = YES_AGGRESSIVE;
				GCC_WARN_UNUSED_FUNCTION = YES;
				GCC_WARN_UNUSED_VARIABLE = YES;
				IPHONEOS_DEPLOYMENT_TARGET = 17.5;
				LOCALIZATION_PREFERS_STRING_CATALOGS = YES;
				MTL_ENABLE_DEBUG_INFO = INCLUDE_SOURCE;
				MTL_FAST_MATH = YES;
				ONLY_ACTIVE_ARCH = YES;
				SDKROOT = iphoneos;
				SWIFT_ACTIVE_COMPILATION_CONDITIONS = "DEBUG $(inherited)";
				SWIFT_OPTIMIZATION_LEVEL = "-Onone";
			};
			name = Debug;
		};
		BAE88E6B2C238A14007387B2 /* Release */ = {
			isa = XCBuildConfiguration;
			buildSettings = {
				ALWAYS_SEARCH_USER_PATHS = NO;
				ASSETCATALOG_COMPILER_GENERATE_SWIFT_ASSET_SYMBOL_EXTENSIONS = YES;
				CLANG_ANALYZER_NONNULL = YES;
				CLANG_ANALYZER_NUMBER_OBJECT_CONVERSION = YES_AGGRESSIVE;
				CLANG_CXX_LANGUAGE_STANDARD = "gnu++20";
				CLANG_ENABLE_MODULES = YES;
				CLANG_ENABLE_OBJC_ARC = YES;
				CLANG_ENABLE_OBJC_WEAK = YES;
				CLANG_WARN_BLOCK_CAPTURE_AUTORELEASING = YES;
				CLANG_WARN_BOOL_CONVERSION = YES;
				CLANG_WARN_COMMA = YES;
				CLANG_WARN_CONSTANT_CONVERSION = YES;
				CLANG_WARN_DEPRECATED_OBJC_IMPLEMENTATIONS = YES;
				CLANG_WARN_DIRECT_OBJC_ISA_USAGE = YES_ERROR;
				CLANG_WARN_DOCUMENTATION_COMMENTS = YES;
				CLANG_WARN_EMPTY_BODY = YES;
				CLANG_WARN_ENUM_CONVERSION = YES;
				CLANG_WARN_INFINITE_RECURSION = YES;
				CLANG_WARN_INT_CONVERSION = YES;
				CLANG_WARN_NON_LITERAL_NULL_CONVERSION = YES;
				CLANG_WARN_OBJC_IMPLICIT_RETAIN_SELF = YES;
				CLANG_WARN_OBJC_LITERAL_CONVERSION = YES;
				CLANG_WARN_OBJC_ROOT_CLASS = YES_ERROR;
				CLANG_WARN_QUOTED_INCLUDE_IN_FRAMEWORK_HEADER = YES;
				CLANG_WARN_RANGE_LOOP_ANALYSIS = YES;
				CLANG_WARN_STRICT_PROTOTYPES = YES;
				CLANG_WARN_SUSPICIOUS_MOVE = YES;
				CLANG_WARN_UNGUARDED_AVAILABILITY = YES_AGGRESSIVE;
				CLANG_WARN_UNREACHABLE_CODE = YES;
				CLANG_WARN__DUPLICATE_METHOD_MATCH = YES;
				COPY_PHASE_STRIP = NO;
				DEBUG_INFORMATION_FORMAT = "dwarf-with-dsym";
				ENABLE_NS_ASSERTIONS = NO;
				ENABLE_STRICT_OBJC_MSGSEND = YES;
				ENABLE_USER_SCRIPT_SANDBOXING = YES;
				GCC_C_LANGUAGE_STANDARD = gnu17;
				GCC_NO_COMMON_BLOCKS = YES;
				GCC_WARN_64_TO_32_BIT_CONVERSION = YES;
				GCC_WARN_ABOUT_RETURN_TYPE = YES_ERROR;
				GCC_WARN_UNDECLARED_SELECTOR = YES;
				GCC_WARN_UNINITIALIZED_AUTOS = YES_AGGRESSIVE;
				GCC_WARN_UNUSED_FUNCTION = YES;
				GCC_WARN_UNUSED_VARIABLE = YES;
				IPHONEOS_DEPLOYMENT_TARGET = 17.5;
				LOCALIZATION_PREFERS_STRING_CATALOGS = YES;
				MTL_ENABLE_DEBUG_INFO = NO;
				MTL_FAST_MATH = YES;
				SDKROOT = iphoneos;
				SWIFT_COMPILATION_MODE = wholemodule;
				VALIDATE_PRODUCT = YES;
			};
			name = Release;
		};
		BAE88E6D2C238A14007387B2 /* Debug */ = {
			isa = XCBuildConfiguration;
			buildSettings = {
				ASSETCATALOG_COMPILER_APPICON_NAME = AppIcon;
				ASSETCATALOG_COMPILER_GLOBAL_ACCENT_COLOR_NAME = AccentColor;
				CODE_SIGN_STYLE = Automatic;
				CURRENT_PROJECT_VERSION = 1;
				DEVELOPMENT_ASSET_PATHS = "\"SwiftUI_NewsAPP/Preview Content\"";
				DEVELOPMENT_TEAM = M99Q25KN7N;
				ENABLE_PREVIEWS = YES;
				GENERATE_INFOPLIST_FILE = YES;
				INFOPLIST_KEY_UIApplicationSceneManifest_Generation = YES;
				INFOPLIST_KEY_UIApplicationSupportsIndirectInputEvents = YES;
				INFOPLIST_KEY_UILaunchScreen_Generation = YES;
				INFOPLIST_KEY_UISupportedInterfaceOrientations_iPad = "UIInterfaceOrientationPortrait UIInterfaceOrientationPortraitUpsideDown UIInterfaceOrientationLandscapeLeft UIInterfaceOrientationLandscapeRight";
				INFOPLIST_KEY_UISupportedInterfaceOrientations_iPhone = "UIInterfaceOrientationPortrait UIInterfaceOrientationLandscapeLeft UIInterfaceOrientationLandscapeRight";
				LD_RUNPATH_SEARCH_PATHS = (
					"$(inherited)",
					"@executable_path/Frameworks",
				);
				MARKETING_VERSION = 1.0;
				PRODUCT_BUNDLE_IDENTIFIER = "akshayiyerg.SwiftUI-NewsAPP";
				PRODUCT_NAME = "$(TARGET_NAME)";
				SWIFT_EMIT_LOC_STRINGS = YES;
				SWIFT_VERSION = 5.0;
				TARGETED_DEVICE_FAMILY = "1,2";
			};
			name = Debug;
		};
		BAE88E6E2C238A14007387B2 /* Release */ = {
			isa = XCBuildConfiguration;
			buildSettings = {
				ASSETCATALOG_COMPILER_APPICON_NAME = AppIcon;
				ASSETCATALOG_COMPILER_GLOBAL_ACCENT_COLOR_NAME = AccentColor;
				CODE_SIGN_STYLE = Automatic;
				CURRENT_PROJECT_VERSION = 1;
				DEVELOPMENT_ASSET_PATHS = "\"SwiftUI_NewsAPP/Preview Content\"";
				DEVELOPMENT_TEAM = M99Q25KN7N;
				ENABLE_PREVIEWS = YES;
				GENERATE_INFOPLIST_FILE = YES;
				INFOPLIST_KEY_UIApplicationSceneManifest_Generation = YES;
				INFOPLIST_KEY_UIApplicationSupportsIndirectInputEvents = YES;
				INFOPLIST_KEY_UILaunchScreen_Generation = YES;
				INFOPLIST_KEY_UISupportedInterfaceOrientations_iPad = "UIInterfaceOrientationPortrait UIInterfaceOrientationPortraitUpsideDown UIInterfaceOrientationLandscapeLeft UIInterfaceOrientationLandscapeRight";
				INFOPLIST_KEY_UISupportedInterfaceOrientations_iPhone = "UIInterfaceOrientationPortrait UIInterfaceOrientationLandscapeLeft UIInterfaceOrientationLandscapeRight";
				LD_RUNPATH_SEARCH_PATHS = (
					"$(inherited)",
					"@executable_path/Frameworks",
				);
				MARKETING_VERSION = 1.0;
				PRODUCT_BUNDLE_IDENTIFIER = "akshayiyerg.SwiftUI-NewsAPP";
				PRODUCT_NAME = "$(TARGET_NAME)";
				SWIFT_EMIT_LOC_STRINGS = YES;
				SWIFT_VERSION = 5.0;
				TARGETED_DEVICE_FAMILY = "1,2";
			};
			name = Release;
		};
/* End XCBuildConfiguration section */

/* Begin XCConfigurationList section */
		BAE88E592C238A13007387B2 /* Build configuration list for PBXProject "SwiftUI_NewsAPP" */ = {
			isa = XCConfigurationList;
			buildConfigurations = (
				BAE88E6A2C238A14007387B2 /* Debug */,
				BAE88E6B2C238A14007387B2 /* Release */,
			);
			defaultConfigurationIsVisible = 0;
			defaultConfigurationName = Release;
		};
		BAE88E6C2C238A14007387B2 /* Build configuration list for PBXNativeTarget "SwiftUI_NewsAPP" */ = {
			isa = XCConfigurationList;
			buildConfigurations = (
				BAE88E6D2C238A14007387B2 /* Debug */,
				BAE88E6E2C238A14007387B2 /* Release */,
			);
			defaultConfigurationIsVisible = 0;
			defaultConfigurationName = Release;
		};
/* End XCConfigurationList section */
	};
	rootObject = BAE88E562C238A13007387B2 /* Project object */;
}
